
Microsoft Visual Studio Solution File, Format Version 12.00
# Visual Studio Version 17
VisualStudioVersion = 17.4.33403.182
MinimumVisualStudioVersion = 10.0.40219.1
Project("{FAE04EC0-301F-11D3-BF4B-00C04F79EFBC}") = "MQTTServer", "MQTTServer\MQTTServer.csproj", "{BC0003F2-EC56-4358-AE23-59059983E85D}"
EndProject
Global
	GlobalSection(SolutionConfigurationPlatforms) = preSolution
		Debug|Any CPU = Debug|Any CPU
		Release|Any CPU = Release|Any CPU
	EndGlobalSection
	GlobalSection(ProjectConfigurationPlatforms) = postSolution
		{BC0003F2-EC56-4358-AE23-59059983E85D}.Debug|Any CPU.ActiveCfg = Debug|Any CPU
		{BC0003F2-EC56-4358-AE23-59059983E85D}.Debug|Any CPU.Build.0 = Debug|Any CPU
		{BC0003F2-EC56-4358-AE23-59059983E85D}.Release|Any CPU.ActiveCfg = Release|Any CPU
		{BC0003F2-EC56-4358-AE23-59059983E85D}.Release|Any CPU.Build.0 = Release|Any CPU
	EndGlobalSection
	GlobalSection(SolutionProperties) = preSolution
		HideSolutionNode = FALSE
	EndGlobalSection
	GlobalSection(ExtensibilityGlobals) = postSolution
		SolutionGuid = {6C86CD35-4C31-43A6-9498-E77886AD0C7F}
	EndGlobalSection
EndGlobal
